// !$*UTF8*$!
{
	archiveVersion = 1;
	classes = {
	};
	objectVersion = 56;
	objects = {

/* Begin PBXBuildFile section */
		F48C32232A4C5CE5007DD8F3 /* LocationManager.swift in Sources */ = {isa = PBXBuildFile; fileRef = F48C32222A4C5CE5007DD8F3 /* LocationManager.swift */; };
		F48C32262A4C5E9B007DD8F3 /* WelcomeView.swift in Sources */ = {isa = PBXBuildFile; fileRef = F48C32252A4C5E9B007DD8F3 /* WelcomeView.swift */; };
		F48C32282A4C6238007DD8F3 /* LoadingView.swift in Sources */ = {isa = PBXBuildFile; fileRef = F48C32272A4C6238007DD8F3 /* LoadingView.swift */; };
		F48C322A2A4C63AD007DD8F3 /* WeatherManager.swift in Sources */ = {isa = PBXBuildFile; fileRef = F48C32292A4C63AD007DD8F3 /* WeatherManager.swift */; };
		F48C322C2A4C67B6007DD8F3 /* WeatherView.swift in Sources */ = {isa = PBXBuildFile; fileRef = F48C322B2A4C67B6007DD8F3 /* WeatherView.swift */; };
		F48C322E2A4C6817007DD8F3 /* ModelData.swift in Sources */ = {isa = PBXBuildFile; fileRef = F48C322D2A4C6817007DD8F3 /* ModelData.swift */; };
		F48C32302A4C6820007DD8F3 /* weatherData.json in Resources */ = {isa = PBXBuildFile; fileRef = F48C322F2A4C6820007DD8F3 /* weatherData.json */; };
		F48C32332A4C6846007DD8F3 /* WeatherRow.swift in Sources */ = {isa = PBXBuildFile; fileRef = F48C32322A4C6846007DD8F3 /* WeatherRow.swift */; };
		F48C32352A4C684E007DD8F3 /* Extensions.swift in Sources */ = {isa = PBXBuildFile; fileRef = F48C32342A4C684E007DD8F3 /* Extensions.swift */; };
		F4AE46782A4C0BED00BF0772 /* WeatherAppApp.swift in Sources */ = {isa = PBXBuildFile; fileRef = F4AE46772A4C0BED00BF0772 /* WeatherAppApp.swift */; };
		F4AE467A2A4C0BED00BF0772 /* ContentView.swift in Sources */ = {isa = PBXBuildFile; fileRef = F4AE46792A4C0BED00BF0772 /* ContentView.swift */; };
		F4AE467C2A4C0BEF00BF0772 /* Assets.xcassets in Resources */ = {isa = PBXBuildFile; fileRef = F4AE467B2A4C0BEF00BF0772 /* Assets.xcassets */; };
		F4AE467F2A4C0BEF00BF0772 /* Preview Assets.xcassets in Resources */ = {isa = PBXBuildFile; fileRef = F4AE467E2A4C0BEF00BF0772 /* Preview Assets.xcassets */; };
/* End PBXBuildFile section */

/* Begin PBXFileReference section */
		F48C32222A4C5CE5007DD8F3 /* LocationManager.swift */ = {isa = PBXFileReference; lastKnownFileType = sourcecode.swift; path = LocationManager.swift; sourceTree = "<group>"; };
		F48C32252A4C5E9B007DD8F3 /* WelcomeView.swift */ = {isa = PBXFileReference; lastKnownFileType = sourcecode.swift; path = WelcomeView.swift; sourceTree = "<group>"; };
		F48C32272A4C6238007DD8F3 /* LoadingView.swift */ = {isa = PBXFileReference; lastKnownFileType = sourcecode.swift; path = LoadingView.swift; sourceTree = "<group>"; };
		F48C32292A4C63AD007DD8F3 /* WeatherManager.swift */ = {isa = PBXFileReference; lastKnownFileType = sourcecode.swift; path = WeatherManager.swift; sourceTree = "<group>"; };
		F48C322B2A4C67B6007DD8F3 /* WeatherView.swift */ = {isa = PBXFileReference; fileEncoding = 4; lastKnownFileType = sourcecode.swift; path = WeatherView.swift; sourceTree = "<group>"; };
		F48C322D2A4C6817007DD8F3 /* ModelData.swift */ = {isa = PBXFileReference; fileEncoding = 4; lastKnownFileType = sourcecode.swift; path = ModelData.swift; sourceTree = "<group>"; };
		F48C322F2A4C6820007DD8F3 /* weatherData.json */ = {isa = PBXFileReference; fileEncoding = 4; lastKnownFileType = text.json; path = weatherData.json; sourceTree = "<group>"; };
		F48C32322A4C6846007DD8F3 /* WeatherRow.swift */ = {isa = PBXFileReference; fileEncoding = 4; lastKnownFileType = sourcecode.swift; path = WeatherRow.swift; sourceTree = "<group>"; };
		F48C32342A4C684E007DD8F3 /* Extensions.swift */ = {isa = PBXFileReference; fileEncoding = 4; lastKnownFileType = sourcecode.swift; path = Extensions.swift; sourceTree = "<group>"; };
		F4AE46742A4C0BED00BF0772 /* WeatherApp.app */ = {isa = PBXFileReference; explicitFileType = wrapper.application; includeInIndex = 0; path = WeatherApp.app; sourceTree = BUILT_PRODUCTS_DIR; };
		F4AE46772A4C0BED00BF0772 /* WeatherAppApp.swift */ = {isa = PBXFileReference; lastKnownFileType = sourcecode.swift; path = WeatherAppApp.swift; sourceTree = "<group>"; };
		F4AE46792A4C0BED00BF0772 /* ContentView.swift */ = {isa = PBXFileReference; lastKnownFileType = sourcecode.swift; path = ContentView.swift; sourceTree = "<group>"; };
		F4AE467B2A4C0BEF00BF0772 /* Assets.xcassets */ = {isa = PBXFileReference; lastKnownFileType = folder.assetcatalog; path = Assets.xcassets; sourceTree = "<group>"; };
		F4AE467E2A4C0BEF00BF0772 /* Preview Assets.xcassets */ = {isa = PBXFileReference; lastKnownFileType = folder.assetcatalog; path = "Preview Assets.xcassets"; sourceTree = "<group>"; };
/* End PBXFileReference section */

/* Begin PBXFrameworksBuildPhase section */
		F4AE46712A4C0BED00BF0772 /* Frameworks */ = {
			isa = PBXFrameworksBuildPhase;
			buildActionMask = 2147483647;
			files = (
			);
			runOnlyForDeploymentPostprocessing = 0;
		};
/* End PBXFrameworksBuildPhase section */

/* Begin PBXGroup section */
		F48C32212A4C5CD4007DD8F3 /* Managers */ = {
			isa = PBXGroup;
			children = (
				F48C32222A4C5CE5007DD8F3 /* LocationManager.swift */,
				F48C32292A4C63AD007DD8F3 /* WeatherManager.swift */,
			);
			path = Managers;
			sourceTree = "<group>";
		};
		F48C32242A4C5E2C007DD8F3 /* Views */ = {
			isa = PBXGroup;
			children = (
				F4AE46792A4C0BED00BF0772 /* ContentView.swift */,
				F48C32252A4C5E9B007DD8F3 /* WelcomeView.swift */,
				F48C322B2A4C67B6007DD8F3 /* WeatherView.swift */,
				F48C32272A4C6238007DD8F3 /* LoadingView.swift */,
			);
			path = Views;
			sourceTree = "<group>";
		};
		F48C32312A4C6846007DD8F3 /* Components */ = {
			isa = PBXGroup;
			children = (
				F48C32322A4C6846007DD8F3 /* WeatherRow.swift */,
			);
			path = Components;
			sourceTree = "<group>";
		};
		F4AE466B2A4C0BED00BF0772 = {
			isa = PBXGroup;
			children = (
				F4AE46762A4C0BED00BF0772 /* WeatherApp */,
				F4AE46752A4C0BED00BF0772 /* Products */,
			);
			sourceTree = "<group>";
		};
		F4AE46752A4C0BED00BF0772 /* Products */ = {
			isa = PBXGroup;
			children = (
				F4AE46742A4C0BED00BF0772 /* WeatherApp.app */,
			);
			name = Products;
			sourceTree = "<group>";
		};
		F4AE46762A4C0BED00BF0772 /* WeatherApp */ = {
			isa = PBXGroup;
			children = (
				F48C32242A4C5E2C007DD8F3 /* Views */,
				F48C32212A4C5CD4007DD8F3 /* Managers */,
				F4AE46772A4C0BED00BF0772 /* WeatherAppApp.swift */,
				F48C32312A4C6846007DD8F3 /* Components */,
				F48C32342A4C684E007DD8F3 /* Extensions.swift */,
				F4AE467B2A4C0BEF00BF0772 /* Assets.xcassets */,
				F4AE467D2A4C0BEF00BF0772 /* Preview Content */,
			);
			path = WeatherApp;
			sourceTree = "<group>";
		};
		F4AE467D2A4C0BEF00BF0772 /* Preview Content */ = {
			isa = PBXGroup;
			children = (
				F48C322D2A4C6817007DD8F3 /* ModelData.swift */,
				F48C322F2A4C6820007DD8F3 /* weatherData.json */,
				F4AE467E2A4C0BEF00BF0772 /* Preview Assets.xcassets */,
			);
			path = "Preview Content";
			sourceTree = "<group>";
		};
/* End PBXGroup section */

/* Begin PBXNativeTarget section */
		F4AE46732A4C0BED00BF0772 /* WeatherApp */ = {
			isa = PBXNativeTarget;
			buildConfigurationList = F4AE46822A4C0BEF00BF0772 /* Build configuration list for PBXNativeTarget "WeatherApp" */;
			buildPhases = (
				F4AE46702A4C0BED00BF0772 /* Sources */,
				F4AE46712A4C0BED00BF0772 /* Frameworks */,
				F4AE46722A4C0BED00BF0772 /* Resources */,
			);
			buildRules = (
			);
			dependencies = (
			);
			name = WeatherApp;
			productName = WeatherApp;
			productReference = F4AE46742A4C0BED00BF0772 /* WeatherApp.app */;
			productType = "com.apple.product-type.application";
		};
/* End PBXNativeTarget section */

/* Begin PBXProject section */
		F4AE466C2A4C0BED00BF0772 /* Project object */ = {
			isa = PBXProject;
			attributes = {
				BuildIndependentTargetsInParallel = 1;
				LastSwiftUpdateCheck = 1430;
				LastUpgradeCheck = 1430;
				TargetAttributes = {
					F4AE46732A4C0BED00BF0772 = {
						CreatedOnToolsVersion = 14.3;
					};
				};
			};
			buildConfigurationList = F4AE466F2A4C0BED00BF0772 /* Build configuration list for PBXProject "WeatherApp" */;
			compatibilityVersion = "Xcode 14.0";
			developmentRegion = en;
			hasScannedForEncodings = 0;
			knownRegions = (
				en,
				Base,
			);
			mainGroup = F4AE466B2A4C0BED00BF0772;
			productRefGroup = F4AE46752A4C0BED00BF0772 /* Products */;
			projectDirPath = "";
			projectRoot = "";
			targets = (
				F4AE46732A4C0BED00BF0772 /* WeatherApp */,
			);
		};
/* End PBXProject section */

/* Begin PBXResourcesBuildPhase section */
		F4AE46722A4C0BED00BF0772 /* Resources */ = {
			isa = PBXResourcesBuildPhase;
			buildActionMask = 2147483647;
			files = (
				F4AE467F2A4C0BEF00BF0772 /* Preview Assets.xcassets in Resources */,
				F48C32302A4C6820007DD8F3 /* weatherData.json in Resources */,
				F4AE467C2A4C0BEF00BF0772 /* Assets.xcassets in Resources */,
			);
			runOnlyForDeploymentPostprocessing = 0;
		};
/* End PBXResourcesBuildPhase section */

/* Begin PBXSourcesBuildPhase section */
		F4AE46702A4C0BED00BF0772 /* Sources */ = {
			isa = PBXSourcesBuildPhase;
			buildActionMask = 2147483647;
			files = (
				F48C322A2A4C63AD007DD8F3 /* WeatherManager.swift in Sources */,
				F4AE467A2A4C0BED00BF0772 /* ContentView.swift in Sources */,
				F4AE46782A4C0BED00BF0772 /* WeatherAppApp.swift in Sources */,
				F48C32332A4C6846007DD8F3 /* WeatherRow.swift in Sources */,
				F48C32282A4C6238007DD8F3 /* LoadingView.swift in Sources */,
				F48C32352A4C684E007DD8F3 /* Extensions.swift in Sources */,
				F48C32232A4C5CE5007DD8F3 /* LocationManager.swift in Sources */,
				F48C322E2A4C6817007DD8F3 /* ModelData.swift in Sources */,
				F48C322C2A4C67B6007DD8F3 /* WeatherView.swift in Sources */,
				F48C32262A4C5E9B007DD8F3 /* WelcomeView.swift in Sources */,
			);
			runOnlyForDeploymentPostprocessing = 0;
		};
/* End PBXSourcesBuildPhase section */

/* Begin XCBuildConfiguration section */
		F4AE46802A4C0BEF00BF0772 /* Debug */ = {
			isa = XCBuildConfiguration;
			buildSettings = {
				ALWAYS_SEARCH_USER_PATHS = NO;
				CLANG_ANALYZER_NONNULL = YES;
				CLANG_ANALYZER_NUMBER_OBJECT_CONVERSION = YES_AGGRESSIVE;
				CLANG_CXX_LANGUAGE_STANDARD = "gnu++20";
				CLANG_ENABLE_MODULES = YES;
				CLANG_ENABLE_OBJC_ARC = YES;
				CLANG_ENABLE_OBJC_WEAK = YES;
				CLANG_WARN_BLOCK_CAPTURE_AUTORELEASING = YES;
				CLANG_WARN_BOOL_CONVERSION = YES;
				CLANG_WARN_COMMA = YES;
				CLANG_WARN_CONSTANT_CONVERSION = YES;
				CLANG_WARN_DEPRECATED_OBJC_IMPLEMENTATIONS = YES;
				CLANG_WARN_DIRECT_OBJC_ISA_USAGE = YES_ERROR;
				CLANG_WARN_DOCUMENTATION_COMMENTS = YES;
				CLANG_WARN_EMPTY_BODY = YES;
				CLANG_WARN_ENUM_CONVERSION = YES;
				CLANG_WARN_INFINITE_RECURSION = YES;
				CLANG_WARN_INT_CONVERSION = YES;
				CLANG_WARN_NON_LITERAL_NULL_CONVERSION = YES;
				CLANG_WARN_OBJC_IMPLICIT_RETAIN_SELF = YES;
				CLANG_WARN_OBJC_LITERAL_CONVERSION = YES;
				CLANG_WARN_OBJC_ROOT_CLASS = YES_ERROR;
				CLANG_WARN_QUOTED_INCLUDE_IN_FRAMEWORK_HEADER = YES;
				CLANG_WARN_RANGE_LOOP_ANALYSIS = YES;
				CLANG_WARN_STRICT_PROTOTYPES = YES;
				CLANG_WARN_SUSPICIOUS_MOVE = YES;
				CLANG_WARN_UNGUARDED_AVAILABILITY = YES_AGGRESSIVE;
				CLANG_WARN_UNREACHABLE_CODE = YES;
				CLANG_WARN__DUPLICATE_METHOD_MATCH = YES;
				COPY_PHASE_STRIP = NO;
				DEBUG_INFORMATION_FORMAT = dwarf;
				ENABLE_STRICT_OBJC_MSGSEND = YES;
				ENABLE_TESTABILITY = YES;
				GCC_C_LANGUAGE_STANDARD = gnu11;
				GCC_DYNAMIC_NO_PIC = NO;
				GCC_NO_COMMON_BLOCKS = YES;
				GCC_OPTIMIZATION_LEVEL = 0;
				GCC_PREPROCESSOR_DEFINITIONS = (
					"DEBUG=1",
					"$(inherited)",
				);
				GCC_WARN_64_TO_32_BIT_CONVERSION = YES;
				GCC_WARN_ABOUT_RETURN_TYPE = YES_ERROR;
				GCC_WARN_UNDECLARED_SELECTOR = YES;
				GCC_WARN_UNINITIALIZED_AUTOS = YES_AGGRESSIVE;
				GCC_WARN_UNUSED_FUNCTION = YES;
				GCC_WARN_UNUSED_VARIABLE = YES;
				IPHONEOS_DEPLOYMENT_TARGET = 16.4;
				MTL_ENABLE_DEBUG_INFO = INCLUDE_SOURCE;
				MTL_FAST_MATH = YES;
				ONLY_ACTIVE_ARCH = YES;
				SDKROOT = iphoneos;
				SWIFT_ACTIVE_COMPILATION_CONDITIONS = DEBUG;
				SWIFT_OPTIMIZATION_LEVEL = "-Onone";
			};
			name = Debug;
		};
		F4AE46812A4C0BEF00BF0772 /* Release */ = {
			isa = XCBuildConfiguration;
			buildSettings = {
				ALWAYS_SEARCH_USER_PATHS = NO;
				CLANG_ANALYZER_NONNULL = YES;
				CLANG_ANALYZER_NUMBER_OBJECT_CONVERSION = YES_AGGRESSIVE;
				CLANG_CXX_LANGUAGE_STANDARD = "gnu++20";
				CLANG_ENABLE_MODULES = YES;
				CLANG_ENABLE_OBJC_ARC = YES;
				CLANG_ENABLE_OBJC_WEAK = YES;
				CLANG_WARN_BLOCK_CAPTURE_AUTORELEASING = YES;
				CLANG_WARN_BOOL_CONVERSION = YES;
				CLANG_WARN_COMMA = YES;
				CLANG_WARN_CONSTANT_CONVERSION = YES;
				CLANG_WARN_DEPRECATED_OBJC_IMPLEMENTATIONS = YES;
				CLANG_WARN_DIRECT_OBJC_ISA_USAGE = YES_ERROR;
				CLANG_WARN_DOCUMENTATION_COMMENTS = YES;
				CLANG_WARN_EMPTY_BODY = YES;
				CLANG_WARN_ENUM_CONVERSION = YES;
				CLANG_WARN_INFINITE_RECURSION = YES;
				CLANG_WARN_INT_CONVERSION = YES;
				CLANG_WARN_NON_LITERAL_NULL_CONVERSION = YES;
				CLANG_WARN_OBJC_IMPLICIT_RETAIN_SELF = YES;
				CLANG_WARN_OBJC_LITERAL_CONVERSION = YES;
				CLANG_WARN_OBJC_ROOT_CLASS = YES_ERROR;
				CLANG_WARN_QUOTED_INCLUDE_IN_FRAMEWORK_HEADER = YES;
				CLANG_WARN_RANGE_LOOP_ANALYSIS = YES;
				CLANG_WARN_STRICT_PROTOTYPES = YES;
				CLANG_WARN_SUSPICIOUS_MOVE = YES;
				CLANG_WARN_UNGUARDED_AVAILABILITY = YES_AGGRESSIVE;
				CLANG_WARN_UNREACHABLE_CODE = YES;
				CLANG_WARN__DUPLICATE_METHOD_MATCH = YES;
				COPY_PHASE_STRIP = NO;
				DEBUG_INFORMATION_FORMAT = "dwarf-with-dsym";
				ENABLE_NS_ASSERTIONS = NO;
				ENABLE_STRICT_OBJC_MSGSEND = YES;
				GCC_C_LANGUAGE_STANDARD = gnu11;
				GCC_NO_COMMON_BLOCKS = YES;
				GCC_WARN_64_TO_32_BIT_CONVERSION = YES;
				GCC_WARN_ABOUT_RETURN_TYPE = YES_ERROR;
				GCC_WARN_UNDECLARED_SELECTOR = YES;
				GCC_WARN_UNINITIALIZED_AUTOS = YES_AGGRESSIVE;
				GCC_WARN_UNUSED_FUNCTION = YES;
				GCC_WARN_UNUSED_VARIABLE = YES;
				IPHONEOS_DEPLOYMENT_TARGET = 16.4;
				MTL_ENABLE_DEBUG_INFO = NO;
				MTL_FAST_MATH = YES;
				SDKROOT = iphoneos;
				SWIFT_COMPILATION_MODE = wholemodule;
				SWIFT_OPTIMIZATION_LEVEL = "-O";
				VALIDATE_PRODUCT = YES;
			};
			name = Release;
		};
		F4AE46832A4C0BEF00BF0772 /* Debug */ = {
			isa = XCBuildConfiguration;
			buildSettings = {
				ASSETCATALOG_COMPILER_APPICON_NAME = AppIcon;
				ASSETCATALOG_COMPILER_GLOBAL_ACCENT_COLOR_NAME = AccentColor;
				CODE_SIGN_STYLE = Automatic;
				CURRENT_PROJECT_VERSION = 1;
				DEVELOPMENT_ASSET_PATHS = "\"WeatherApp/Preview Content\"";
				DEVELOPMENT_TEAM = WR5H634DWJ;
				ENABLE_PREVIEWS = YES;
				GENERATE_INFOPLIST_FILE = YES;
				INFOPLIST_KEY_UIApplicationSceneManifest_Generation = YES;
				INFOPLIST_KEY_UIApplicationSupportsIndirectInputEvents = YES;
				INFOPLIST_KEY_UILaunchScreen_Generation = YES;
				INFOPLIST_KEY_UISupportedInterfaceOrientations_iPad = "UIInterfaceOrientationPortrait UIInterfaceOrientationPortraitUpsideDown UIInterfaceOrientationLandscapeLeft UIInterfaceOrientationLandscapeRight";
				INFOPLIST_KEY_UISupportedInterfaceOrientations_iPhone = "UIInterfaceOrientationPortrait UIInterfaceOrientationLandscapeLeft UIInterfaceOrientationLandscapeRight";
				LD_RUNPATH_SEARCH_PATHS = (
					"$(inherited)",
					"@executable_path/Frameworks",
				);
				MARKETING_VERSION = 1.0;
				PRODUCT_BUNDLE_IDENTIFIER = com.RUTIK.WeatherApp;
				PRODUCT_NAME = "$(TARGET_NAME)";
				SWIFT_EMIT_LOC_STRINGS = YES;
				SWIFT_VERSION = 5.0;
				TARGETED_DEVICE_FAMILY = "1,2";
			};
			name = Debug;
		};
		F4AE46842A4C0BEF00BF0772 /* Release */ = {
			isa = XCBuildConfiguration;
			buildSettings = {
				ASSETCATALOG_COMPILER_APPICON_NAME = AppIcon;
				ASSETCATALOG_COMPILER_GLOBAL_ACCENT_COLOR_NAME = AccentColor;
				CODE_SIGN_STYLE = Automatic;
				CURRENT_PROJECT_VERSION = 1;
				DEVELOPMENT_ASSET_PATHS = "\"WeatherApp/Preview Content\"";
				DEVELOPMENT_TEAM = WR5H634DWJ;
				ENABLE_PREVIEWS = YES;
				GENERATE_INFOPLIST_FILE = YES;
				INFOPLIST_KEY_UIApplicationSceneManifest_Generation = YES;
				INFOPLIST_KEY_UIApplicationSupportsIndirectInputEvents = YES;
				INFOPLIST_KEY_UILaunchScreen_Generation = YES;
				INFOPLIST_KEY_UISupportedInterfaceOrientations_iPad = "UIInterfaceOrientationPortrait UIInterfaceOrientationPortraitUpsideDown UIInterfaceOrientationLandscapeLeft UIInterfaceOrientationLandscapeRight";
				INFOPLIST_KEY_UISupportedInterfaceOrientations_iPhone = "UIInterfaceOrientationPortrait UIInterfaceOrientationLandscapeLeft UIInterfaceOrientationLandscapeRight";
				LD_RUNPATH_SEARCH_PATHS = (
					"$(inherited)",
					"@executable_path/Frameworks",
				);
				MARKETING_VERSION = 1.0;
				PRODUCT_BUNDLE_IDENTIFIER = com.RUTIK.WeatherApp;
				PRODUCT_NAME = "$(TARGET_NAME)";
				SWIFT_EMIT_LOC_STRINGS = YES;
				SWIFT_VERSION = 5.0;
				TARGETED_DEVICE_FAMILY = "1,2";
			};
			name = Release;
		};
/* End XCBuildConfiguration section */

/* Begin XCConfigurationList section */
		F4AE466F2A4C0BED00BF0772 /* Build configuration list for PBXProject "WeatherApp" */ = {
			isa = XCConfigurationList;
			buildConfigurations = (
				F4AE46802A4C0BEF00BF0772 /* Debug */,
				F4AE46812A4C0BEF00BF0772 /* Release */,
			);
			defaultConfigurationIsVisible = 0;
			defaultConfigurationName = Release;
		};
		F4AE46822A4C0BEF00BF0772 /* Build configuration list for PBXNativeTarget "WeatherApp" */ = {
			isa = XCConfigurationList;
			buildConfigurations = (
				F4AE46832A4C0BEF00BF0772 /* Debug */,
				F4AE46842A4C0BEF00BF0772 /* Release */,
			);
			defaultConfigurationIsVisible = 0;
			defaultConfigurationName = Release;
		};
/* End XCConfigurationList section */
	};
	rootObject = F4AE466C2A4C0BED00BF0772 /* Project object */;
}
